
Microsoft Visual Studio Solution File, Format Version 12.00
# Visual Studio Version 17
VisualStudioVersion = 17.11.35312.102
MinimumVisualStudioVersion = 10.0.40219.1
Project("{FAE04EC0-301F-11D3-BF4B-00C04F79EFBC}") = "FinalProject", "FinalProject\FinalProject.csproj", "{DA630163-620E-4FB8-9A6C-05B89A3746AA}"
EndProject
Global
	GlobalSection(SolutionConfigurationPlatforms) = preSolution
		Debug|Any CPU = Debug|Any CPU
		Release|Any CPU = Release|Any CPU
	EndGlobalSection
	GlobalSection(ProjectConfigurationPlatforms) = postSolution
		{DA630163-620E-4FB8-9A6C-05B89A3746AA}.Debug|Any CPU.ActiveCfg = Debug|Any CPU
		{DA630163-620E-4FB8-9A6C-05B89A3746AA}.Debug|Any CPU.Build.0 = Debug|Any CPU
		{DA630163-620E-4FB8-9A6C-05B89A3746AA}.Release|Any CPU.ActiveCfg = Release|Any CPU
		{DA630163-620E-4FB8-9A6C-05B89A3746AA}.Release|Any CPU.Build.0 = Release|Any CPU
	EndGlobalSection
	GlobalSection(SolutionProperties) = preSolution
		HideSolutionNode = FALSE
	EndGlobalSection
	GlobalSection(ExtensibilityGlobals) = postSolution
		SolutionGuid = {C212FF42-1CCA-4BB6-949F-1E3CB8B11E3D}
	EndGlobalSection
EndGlobal
